
Microsoft Visual Studio Solution File, Format Version 12.00
# Visual Studio Version 17
VisualStudioVersion = 17.1.32210.238
MinimumVisualStudioVersion = 10.0.40219.1
Project("{FAE04EC0-301F-11D3-BF4B-00C04F79EFBC}") = "MOD9_Exer4", "MOD9_Exer4\MOD9_Exer4.csproj", "{5C9968C3-6F44-4AE7-90FD-1E13DFD69821}"
EndProject
Global
	GlobalSection(SolutionConfigurationPlatforms) = preSolution
		Debug|Any CPU = Debug|Any CPU
		Release|Any CPU = Release|Any CPU
	EndGlobalSection
	GlobalSection(ProjectConfigurationPlatforms) = postSolution
		{5C9968C3-6F44-4AE7-90FD-1E13DFD69821}.Debug|Any CPU.ActiveCfg = Debug|Any CPU
		{5C9968C3-6F44-4AE7-90FD-1E13DFD69821}.Debug|Any CPU.Build.0 = Debug|Any CPU
		{5C9968C3-6F44-4AE7-90FD-1E13DFD69821}.Release|Any CPU.ActiveCfg = Release|Any CPU
		{5C9968C3-6F44-4AE7-90FD-1E13DFD69821}.Release|Any CPU.Build.0 = Release|Any CPU
	EndGlobalSection
	GlobalSection(SolutionProperties) = preSolution
		HideSolutionNode = FALSE
	EndGlobalSection
	GlobalSection(ExtensibilityGlobals) = postSolution
		SolutionGuid = {2B10DD4D-51C0-4E08-9915-03D5085ADBED}
	EndGlobalSection
EndGlobal
